# THIS IS AN AUTOGENERATED FILE. DO NOT EDIT THIS FILE DIRECTLY.
# yarn lockfile v1


"@prisma/engines@4.14.1":
  version "4.14.1"
  resolved "https://registry.yarnpkg.com/@prisma/engines/-/engines-4.14.1.tgz#dac49f8d1f2d4f14a8ed7e6f96b24cd49bd6cd91"
  integrity sha512-APqFddPVHYmWNKqc+5J5SqrLFfOghKOLZxobmguDUacxOwdEutLsbXPVhNnpFDmuQWQFbXmrTTPoRrrF6B1MWA==

dotenv@^16.5.0:
  version "16.5.0"
  resolved "https://registry.yarnpkg.com/dotenv/-/dotenv-16.5.0.tgz#092b49f25f808f020050051d1ff258e404c78692"
  integrity sha512-m/C+AwOAr9/W1UOIZUo232ejMNnJAJtYQjUbHoNTBNTJSvqzzDh7vnrei3o3r3m9blf6ZoDkvcw0VmozNRFJxg==

prisma@^4.14.1:
  version "4.14.1"
  resolved "https://registry.yarnpkg.com/prisma/-/prisma-4.14.1.tgz#7a6bb4ce847a9d08deabb6acdf3116fff15e1316"
  integrity sha512-z6hxzTMYqT9SIKlzD08dhzsLUpxjFKKsLpp5/kBDnSqiOjtUyyl/dC5tzxLcOa3jkEHQ8+RpB/fE3w8bgNP51g==
  dependencies:
    "@prisma/engines" "4.14.1"
